
Microsoft Visual Studio Solution File, Format Version 12.00
# Visual Studio 14
VisualStudioVersion = 14.0.25420.1
MinimumVisualStudioVersion = 10.0.40219.1
Project("{FAE04EC0-301F-11D3-BF4B-00C04F79EFBC}") = "IdeaForSellsrc", "IdeaForSellsrc\IdeaForSellsrc.csproj", "{624856D3-E1CE-4E98-A13B-E99EF4A3170B}"
EndProject
Project("{FAE04EC0-301F-11D3-BF4B-00C04F79EFBC}") = "IdeaForSellsrc.Tests", "IdeaForSellsrc.Tests\IdeaForSellsrc.Tests.csproj", "{58B9FD9A-5394-4F45-9486-48298771801C}"
EndProject
Project("{FAE04EC0-301F-11D3-BF4B-00C04F79EFBC}") = "DBCore", "DBCore\DBCore.csproj", "{20889986-6A55-46F2-BBBD-1EF4CA8E446E}"
EndProject
Global
	GlobalSection(SolutionConfigurationPlatforms) = preSolution
		Debug|Any CPU = Debug|Any CPU
		Release|Any CPU = Release|Any CPU
	EndGlobalSection
	GlobalSection(ProjectConfigurationPlatforms) = postSolution
		{624856D3-E1CE-4E98-A13B-E99EF4A3170B}.Debug|Any CPU.ActiveCfg = Debug|Any CPU
		{624856D3-E1CE-4E98-A13B-E99EF4A3170B}.Debug|Any CPU.Build.0 = Debug|Any CPU
		{624856D3-E1CE-4E98-A13B-E99EF4A3170B}.Release|Any CPU.ActiveCfg = Release|Any CPU
		{624856D3-E1CE-4E98-A13B-E99EF4A3170B}.Release|Any CPU.Build.0 = Release|Any CPU
		{58B9FD9A-5394-4F45-9486-48298771801C}.Debug|Any CPU.ActiveCfg = Debug|Any CPU
		{58B9FD9A-5394-4F45-9486-48298771801C}.Debug|Any CPU.Build.0 = Debug|Any CPU
		{58B9FD9A-5394-4F45-9486-48298771801C}.Release|Any CPU.ActiveCfg = Release|Any CPU
		{58B9FD9A-5394-4F45-9486-48298771801C}.Release|Any CPU.Build.0 = Release|Any CPU
		{20889986-6A55-46F2-BBBD-1EF4CA8E446E}.Debug|Any CPU.ActiveCfg = Debug|Any CPU
		{20889986-6A55-46F2-BBBD-1EF4CA8E446E}.Debug|Any CPU.Build.0 = Debug|Any CPU
		{20889986-6A55-46F2-BBBD-1EF4CA8E446E}.Release|Any CPU.ActiveCfg = Release|Any CPU
		{20889986-6A55-46F2-BBBD-1EF4CA8E446E}.Release|Any CPU.Build.0 = Release|Any CPU
	EndGlobalSection
	GlobalSection(SolutionProperties) = preSolution
		HideSolutionNode = FALSE
	EndGlobalSection
EndGlobal
